
Microsoft Visual Studio Solution File, Format Version 12.00
# Visual Studio Version 16
VisualStudioVersion = 16.0.31112.23
MinimumVisualStudioVersion = 10.0.40219.1
Project("{FAE04EC0-301F-11D3-BF4B-00C04F79EFBC}") = "BL", "BL\BL.csproj", "{5EB6AA52-435D-4E71-A4D4-7D984EB573CB}"
EndProject
Project("{FAE04EC0-301F-11D3-BF4B-00C04F79EFBC}") = "DL", "DL\DL.csproj", "{2E0985C5-2FC0-465E-8BBC-3E9F85C27247}"
EndProject
Project("{FAE04EC0-301F-11D3-BF4B-00C04F79EFBC}") = "ML", "ML\ML.csproj", "{E2CA4CF1-0D44-4DEE-B700-1E62BBCE0E56}"
EndProject
Project("{FAE04EC0-301F-11D3-BF4B-00C04F79EFBC}") = "SL", "SL\SL.csproj", "{05F9B41A-4111-4F67-99D0-9E5E344CAC4E}"
EndProject
Global
	GlobalSection(SolutionConfigurationPlatforms) = preSolution
		Debug|Any CPU = Debug|Any CPU
		Release|Any CPU = Release|Any CPU
	EndGlobalSection
	GlobalSection(ProjectConfigurationPlatforms) = postSolution
		{5EB6AA52-435D-4E71-A4D4-7D984EB573CB}.Debug|Any CPU.ActiveCfg = Debug|Any CPU
		{5EB6AA52-435D-4E71-A4D4-7D984EB573CB}.Debug|Any CPU.Build.0 = Debug|Any CPU
		{5EB6AA52-435D-4E71-A4D4-7D984EB573CB}.Release|Any CPU.ActiveCfg = Release|Any CPU
		{5EB6AA52-435D-4E71-A4D4-7D984EB573CB}.Release|Any CPU.Build.0 = Release|Any CPU
		{2E0985C5-2FC0-465E-8BBC-3E9F85C27247}.Debug|Any CPU.ActiveCfg = Debug|Any CPU
		{2E0985C5-2FC0-465E-8BBC-3E9F85C27247}.Debug|Any CPU.Build.0 = Debug|Any CPU
		{2E0985C5-2FC0-465E-8BBC-3E9F85C27247}.Release|Any CPU.ActiveCfg = Release|Any CPU
		{2E0985C5-2FC0-465E-8BBC-3E9F85C27247}.Release|Any CPU.Build.0 = Release|Any CPU
		{E2CA4CF1-0D44-4DEE-B700-1E62BBCE0E56}.Debug|Any CPU.ActiveCfg = Debug|Any CPU
		{E2CA4CF1-0D44-4DEE-B700-1E62BBCE0E56}.Debug|Any CPU.Build.0 = Debug|Any CPU
		{E2CA4CF1-0D44-4DEE-B700-1E62BBCE0E56}.Release|Any CPU.ActiveCfg = Release|Any CPU
		{E2CA4CF1-0D44-4DEE-B700-1E62BBCE0E56}.Release|Any CPU.Build.0 = Release|Any CPU
		{05F9B41A-4111-4F67-99D0-9E5E344CAC4E}.Debug|Any CPU.ActiveCfg = Debug|Any CPU
		{05F9B41A-4111-4F67-99D0-9E5E344CAC4E}.Debug|Any CPU.Build.0 = Debug|Any CPU
		{05F9B41A-4111-4F67-99D0-9E5E344CAC4E}.Release|Any CPU.ActiveCfg = Release|Any CPU
		{05F9B41A-4111-4F67-99D0-9E5E344CAC4E}.Release|Any CPU.Build.0 = Release|Any CPU
	EndGlobalSection
	GlobalSection(SolutionProperties) = preSolution
		HideSolutionNode = FALSE
	EndGlobalSection
	GlobalSection(ExtensibilityGlobals) = postSolution
		SolutionGuid = {C88127FB-8D93-450A-B27D-EE9378C737D3}
	EndGlobalSection
EndGlobal
